
Microsoft Visual Studio Solution File, Format Version 12.00
# Visual Studio Version 17
VisualStudioVersion = 17.8.34316.72
MinimumVisualStudioVersion = 10.0.40219.1
Project("{9A19103F-16F7-4668-BE54-9A1E7A4F7556}") = "WpfLibrary1", "WpfLibrary1\WpfLibrary1.csproj", "{BAFB5B50-53BF-43E1-B1A9-69BD6CEFB93E}"
EndProject
Project("{FAE04EC0-301F-11D3-BF4B-00C04F79EFBC}") = "lab2", "lab2\lab2.csproj", "{D93B63FD-FE6D-4863-93AB-479BD1B15429}"
EndProject
Global
	GlobalSection(SolutionConfigurationPlatforms) = preSolution
		Debug|Any CPU = Debug|Any CPU
		Release|Any CPU = Release|Any CPU
	EndGlobalSection
	GlobalSection(ProjectConfigurationPlatforms) = postSolution
		{BAFB5B50-53BF-43E1-B1A9-69BD6CEFB93E}.Debug|Any CPU.ActiveCfg = Debug|Any CPU
		{BAFB5B50-53BF-43E1-B1A9-69BD6CEFB93E}.Debug|Any CPU.Build.0 = Debug|Any CPU
		{BAFB5B50-53BF-43E1-B1A9-69BD6CEFB93E}.Release|Any CPU.ActiveCfg = Release|Any CPU
		{BAFB5B50-53BF-43E1-B1A9-69BD6CEFB93E}.Release|Any CPU.Build.0 = Release|Any CPU
		{D93B63FD-FE6D-4863-93AB-479BD1B15429}.Debug|Any CPU.ActiveCfg = Debug|Any CPU
		{D93B63FD-FE6D-4863-93AB-479BD1B15429}.Debug|Any CPU.Build.0 = Debug|Any CPU
		{D93B63FD-FE6D-4863-93AB-479BD1B15429}.Release|Any CPU.ActiveCfg = Release|Any CPU
		{D93B63FD-FE6D-4863-93AB-479BD1B15429}.Release|Any CPU.Build.0 = Release|Any CPU
	EndGlobalSection
	GlobalSection(SolutionProperties) = preSolution
		HideSolutionNode = FALSE
	EndGlobalSection
	GlobalSection(ExtensibilityGlobals) = postSolution
		SolutionGuid = {ABBED5AF-FB54-45B3-A164-E5F173259E09}
	EndGlobalSection
EndGlobal
